// !$*UTF8*$!
{
	archiveVersion = 1;
	classes = {
	};
	objectVersion = 56;
	objects = {

/* Begin PBXBuildFile section */
		7C2012282C52BC00001A0AF1 /* AppDelegate.swift in Sources */ = {isa = PBXBuildFile; fileRef = 7C2012272C52BC00001A0AF1 /* AppDelegate.swift */; };
		7C20122A2C52BC00001A0AF1 /* SceneDelegate.swift in Sources */ = {isa = PBXBuildFile; fileRef = 7C2012292C52BC00001A0AF1 /* SceneDelegate.swift */; };
		7C2012322C52BC00001A0AF1 /* OlchaTaskST.xcdatamodeld in Sources */ = {isa = PBXBuildFile; fileRef = 7C2012302C52BC00001A0AF1 /* OlchaTaskST.xcdatamodeld */; };
		7C2012342C52BC02001A0AF1 /* Assets.xcassets in Resources */ = {isa = PBXBuildFile; fileRef = 7C2012332C52BC02001A0AF1 /* Assets.xcassets */; };
		7C2012372C52BC02001A0AF1 /* LaunchScreen.storyboard in Resources */ = {isa = PBXBuildFile; fileRef = 7C2012352C52BC02001A0AF1 /* LaunchScreen.storyboard */; };
		7C2012402C52BE2C001A0AF1 /* MainViewController.swift in Sources */ = {isa = PBXBuildFile; fileRef = 7C20123F2C52BE2C001A0AF1 /* MainViewController.swift */; };
		7C2012432C52C1FA001A0AF1 /* Post.swift in Sources */ = {isa = PBXBuildFile; fileRef = 7C2012422C52C1FA001A0AF1 /* Post.swift */; };
		7C2012452C52C263001A0AF1 /* User.swift in Sources */ = {isa = PBXBuildFile; fileRef = 7C2012442C52C263001A0AF1 /* User.swift */; };
		7C2012492C52C79E001A0AF1 /* SavedsViewController.swift in Sources */ = {isa = PBXBuildFile; fileRef = 7C2012482C52C79E001A0AF1 /* SavedsViewController.swift */; };
		7C20124C2C52C986001A0AF1 /* OnlyTableViewCell.swift in Sources */ = {isa = PBXBuildFile; fileRef = 7C20124B2C52C986001A0AF1 /* OnlyTableViewCell.swift */; };
		7C6F0B722C53A26F00D86B9B /* NetworkingC.swift in Sources */ = {isa = PBXBuildFile; fileRef = 7C6F0B712C53A26F00D86B9B /* NetworkingC.swift */; };
		7C6F0B772C53E52300D86B9B /* PostDetailsViewController.swift in Sources */ = {isa = PBXBuildFile; fileRef = 7C6F0B762C53E52300D86B9B /* PostDetailsViewController.swift */; };
/* End PBXBuildFile section */

/* Begin PBXFileReference section */
		7C2012242C52BC00001A0AF1 /* OlchaTaskST.app */ = {isa = PBXFileReference; explicitFileType = wrapper.application; includeInIndex = 0; path = OlchaTaskST.app; sourceTree = BUILT_PRODUCTS_DIR; };
		7C2012272C52BC00001A0AF1 /* AppDelegate.swift */ = {isa = PBXFileReference; lastKnownFileType = sourcecode.swift; path = AppDelegate.swift; sourceTree = "<group>"; };
		7C2012292C52BC00001A0AF1 /* SceneDelegate.swift */ = {isa = PBXFileReference; lastKnownFileType = sourcecode.swift; path = SceneDelegate.swift; sourceTree = "<group>"; };
		7C2012312C52BC00001A0AF1 /* OlchaTaskST.xcdatamodel */ = {isa = PBXFileReference; lastKnownFileType = wrapper.xcdatamodel; path = OlchaTaskST.xcdatamodel; sourceTree = "<group>"; };
		7C2012332C52BC02001A0AF1 /* Assets.xcassets */ = {isa = PBXFileReference; lastKnownFileType = folder.assetcatalog; path = Assets.xcassets; sourceTree = "<group>"; };
		7C2012362C52BC02001A0AF1 /* Base */ = {isa = PBXFileReference; lastKnownFileType = file.storyboard; name = Base; path = Base.lproj/LaunchScreen.storyboard; sourceTree = "<group>"; };
		7C2012382C52BC02001A0AF1 /* Info.plist */ = {isa = PBXFileReference; lastKnownFileType = text.plist.xml; path = Info.plist; sourceTree = "<group>"; };
		7C20123F2C52BE2C001A0AF1 /* MainViewController.swift */ = {isa = PBXFileReference; lastKnownFileType = sourcecode.swift; path = MainViewController.swift; sourceTree = "<group>"; };
		7C2012422C52C1FA001A0AF1 /* Post.swift */ = {isa = PBXFileReference; lastKnownFileType = sourcecode.swift; path = Post.swift; sourceTree = "<group>"; };
		7C2012442C52C263001A0AF1 /* User.swift */ = {isa = PBXFileReference; lastKnownFileType = sourcecode.swift; path = User.swift; sourceTree = "<group>"; };
		7C2012482C52C79E001A0AF1 /* SavedsViewController.swift */ = {isa = PBXFileReference; lastKnownFileType = sourcecode.swift; path = SavedsViewController.swift; sourceTree = "<group>"; };
		7C20124B2C52C986001A0AF1 /* OnlyTableViewCell.swift */ = {isa = PBXFileReference; lastKnownFileType = sourcecode.swift; path = OnlyTableViewCell.swift; sourceTree = "<group>"; };
		7C6F0B712C53A26F00D86B9B /* NetworkingC.swift */ = {isa = PBXFileReference; lastKnownFileType = sourcecode.swift; path = NetworkingC.swift; sourceTree = "<group>"; };
		7C6F0B762C53E52300D86B9B /* PostDetailsViewController.swift */ = {isa = PBXFileReference; lastKnownFileType = sourcecode.swift; path = PostDetailsViewController.swift; sourceTree = "<group>"; };
/* End PBXFileReference section */

/* Begin PBXFrameworksBuildPhase section */
		7C2012212C52BC00001A0AF1 /* Frameworks */ = {
			isa = PBXFrameworksBuildPhase;
			buildActionMask = 2147483647;
			files = (
			);
			runOnlyForDeploymentPostprocessing = 0;
		};
/* End PBXFrameworksBuildPhase section */

/* Begin PBXGroup section */
		7C20121B2C52BC00001A0AF1 = {
			isa = PBXGroup;
			children = (
				7C2012262C52BC00001A0AF1 /* OlchaTaskST */,
				7C2012252C52BC00001A0AF1 /* Products */,
			);
			sourceTree = "<group>";
		};
		7C2012252C52BC00001A0AF1 /* Products */ = {
			isa = PBXGroup;
			children = (
				7C2012242C52BC00001A0AF1 /* OlchaTaskST.app */,
			);
			name = Products;
			sourceTree = "<group>";
		};
		7C2012262C52BC00001A0AF1 /* OlchaTaskST */ = {
			isa = PBXGroup;
			children = (
				7C2012272C52BC00001A0AF1 /* AppDelegate.swift */,
				7C2012292C52BC00001A0AF1 /* SceneDelegate.swift */,
				7C6F0B702C53A24E00D86B9B /* Networking */,
				7C20124A2C52C930001A0AF1 /* Cells */,
				7C2012412C52C1CE001A0AF1 /* Models */,
				7C20123E2C52BDFF001A0AF1 /* VCs */,
				7C2012332C52BC02001A0AF1 /* Assets.xcassets */,
				7C2012352C52BC02001A0AF1 /* LaunchScreen.storyboard */,
				7C2012382C52BC02001A0AF1 /* Info.plist */,
				7C2012302C52BC00001A0AF1 /* OlchaTaskST.xcdatamodeld */,
			);
			path = OlchaTaskST;
			sourceTree = "<group>";
		};
		7C20123E2C52BDFF001A0AF1 /* VCs */ = {
			isa = PBXGroup;
			children = (
				7C20123F2C52BE2C001A0AF1 /* MainViewController.swift */,
				7C2012482C52C79E001A0AF1 /* SavedsViewController.swift */,
				7C6F0B762C53E52300D86B9B /* PostDetailsViewController.swift */,
			);
			path = VCs;
			sourceTree = "<group>";
		};
		7C2012412C52C1CE001A0AF1 /* Models */ = {
			isa = PBXGroup;
			children = (
				7C2012422C52C1FA001A0AF1 /* Post.swift */,
				7C2012442C52C263001A0AF1 /* User.swift */,
			);
			path = Models;
			sourceTree = "<group>";
		};
		7C20124A2C52C930001A0AF1 /* Cells */ = {
			isa = PBXGroup;
			children = (
				7C20124B2C52C986001A0AF1 /* OnlyTableViewCell.swift */,
			);
			path = Cells;
			sourceTree = "<group>";
		};
		7C6F0B702C53A24E00D86B9B /* Networking */ = {
			isa = PBXGroup;
			children = (
				7C6F0B712C53A26F00D86B9B /* NetworkingC.swift */,
			);
			path = Networking;
			sourceTree = "<group>";
		};
/* End PBXGroup section */

/* Begin PBXNativeTarget section */
		7C2012232C52BC00001A0AF1 /* OlchaTaskST */ = {
			isa = PBXNativeTarget;
			buildConfigurationList = 7C20123B2C52BC02001A0AF1 /* Build configuration list for PBXNativeTarget "OlchaTaskST" */;
			buildPhases = (
				7C2012202C52BC00001A0AF1 /* Sources */,
				7C2012212C52BC00001A0AF1 /* Frameworks */,
				7C2012222C52BC00001A0AF1 /* Resources */,
			);
			buildRules = (
			);
			dependencies = (
			);
			name = OlchaTaskST;
			productName = OlchaTaskST;
			productReference = 7C2012242C52BC00001A0AF1 /* OlchaTaskST.app */;
			productType = "com.apple.product-type.application";
		};
/* End PBXNativeTarget section */

/* Begin PBXProject section */
		7C20121C2C52BC00001A0AF1 /* Project object */ = {
			isa = PBXProject;
			attributes = {
				BuildIndependentTargetsInParallel = 1;
				LastSwiftUpdateCheck = 1420;
				LastUpgradeCheck = 1420;
				TargetAttributes = {
					7C2012232C52BC00001A0AF1 = {
						CreatedOnToolsVersion = 14.2;
					};
				};
			};
			buildConfigurationList = 7C20121F2C52BC00001A0AF1 /* Build configuration list for PBXProject "OlchaTaskST" */;
			compatibilityVersion = "Xcode 14.0";
			developmentRegion = en;
			hasScannedForEncodings = 0;
			knownRegions = (
				en,
				Base,
			);
			mainGroup = 7C20121B2C52BC00001A0AF1;
			productRefGroup = 7C2012252C52BC00001A0AF1 /* Products */;
			projectDirPath = "";
			projectRoot = "";
			targets = (
				7C2012232C52BC00001A0AF1 /* OlchaTaskST */,
			);
		};
/* End PBXProject section */

/* Begin PBXResourcesBuildPhase section */
		7C2012222C52BC00001A0AF1 /* Resources */ = {
			isa = PBXResourcesBuildPhase;
			buildActionMask = 2147483647;
			files = (
				7C2012372C52BC02001A0AF1 /* LaunchScreen.storyboard in Resources */,
				7C2012342C52BC02001A0AF1 /* Assets.xcassets in Resources */,
			);
			runOnlyForDeploymentPostprocessing = 0;
		};
/* End PBXResourcesBuildPhase section */

/* Begin PBXSourcesBuildPhase section */
		7C2012202C52BC00001A0AF1 /* Sources */ = {
			isa = PBXSourcesBuildPhase;
			buildActionMask = 2147483647;
			files = (
				7C2012492C52C79E001A0AF1 /* SavedsViewController.swift in Sources */,
				7C2012322C52BC00001A0AF1 /* OlchaTaskST.xcdatamodeld in Sources */,
				7C2012432C52C1FA001A0AF1 /* Post.swift in Sources */,
				7C2012452C52C263001A0AF1 /* User.swift in Sources */,
				7C6F0B772C53E52300D86B9B /* PostDetailsViewController.swift in Sources */,
				7C6F0B722C53A26F00D86B9B /* NetworkingC.swift in Sources */,
				7C2012282C52BC00001A0AF1 /* AppDelegate.swift in Sources */,
				7C20122A2C52BC00001A0AF1 /* SceneDelegate.swift in Sources */,
				7C2012402C52BE2C001A0AF1 /* MainViewController.swift in Sources */,
				7C20124C2C52C986001A0AF1 /* OnlyTableViewCell.swift in Sources */,
			);
			runOnlyForDeploymentPostprocessing = 0;
		};
/* End PBXSourcesBuildPhase section */

/* Begin PBXVariantGroup section */
		7C2012352C52BC02001A0AF1 /* LaunchScreen.storyboard */ = {
			isa = PBXVariantGroup;
			children = (
				7C2012362C52BC02001A0AF1 /* Base */,
			);
			name = LaunchScreen.storyboard;
			sourceTree = "<group>";
		};
/* End PBXVariantGroup section */

/* Begin XCBuildConfiguration section */
		7C2012392C52BC02001A0AF1 /* Debug */ = {
			isa = XCBuildConfiguration;
			buildSettings = {
				ALWAYS_SEARCH_USER_PATHS = NO;
				CLANG_ANALYZER_NONNULL = YES;
				CLANG_ANALYZER_NUMBER_OBJECT_CONVERSION = YES_AGGRESSIVE;
				CLANG_CXX_LANGUAGE_STANDARD = "gnu++20";
				CLANG_ENABLE_MODULES = YES;
				CLANG_ENABLE_OBJC_ARC = YES;
				CLANG_ENABLE_OBJC_WEAK = YES;
				CLANG_WARN_BLOCK_CAPTURE_AUTORELEASING = YES;
				CLANG_WARN_BOOL_CONVERSION = YES;
				CLANG_WARN_COMMA = YES;
				CLANG_WARN_CONSTANT_CONVERSION = YES;
				CLANG_WARN_DEPRECATED_OBJC_IMPLEMENTATIONS = YES;
				CLANG_WARN_DIRECT_OBJC_ISA_USAGE = YES_ERROR;
				CLANG_WARN_DOCUMENTATION_COMMENTS = YES;
				CLANG_WARN_EMPTY_BODY = YES;
				CLANG_WARN_ENUM_CONVERSION = YES;
				CLANG_WARN_INFINITE_RECURSION = YES;
				CLANG_WARN_INT_CONVERSION = YES;
				CLANG_WARN_NON_LITERAL_NULL_CONVERSION = YES;
				CLANG_WARN_OBJC_IMPLICIT_RETAIN_SELF = YES;
				CLANG_WARN_OBJC_LITERAL_CONVERSION = YES;
				CLANG_WARN_OBJC_ROOT_CLASS = YES_ERROR;
				CLANG_WARN_QUOTED_INCLUDE_IN_FRAMEWORK_HEADER = YES;
				CLANG_WARN_RANGE_LOOP_ANALYSIS = YES;
				CLANG_WARN_STRICT_PROTOTYPES = YES;
				CLANG_WARN_SUSPICIOUS_MOVE = YES;
				CLANG_WARN_UNGUARDED_AVAILABILITY = YES_AGGRESSIVE;
				CLANG_WARN_UNREACHABLE_CODE = YES;
				CLANG_WARN__DUPLICATE_METHOD_MATCH = YES;
				COPY_PHASE_STRIP = NO;
				DEBUG_INFORMATION_FORMAT = dwarf;
				ENABLE_STRICT_OBJC_MSGSEND = YES;
				ENABLE_TESTABILITY = YES;
				GCC_C_LANGUAGE_STANDARD = gnu11;
				GCC_DYNAMIC_NO_PIC = NO;
				GCC_NO_COMMON_BLOCKS = YES;
				GCC_OPTIMIZATION_LEVEL = 0;
				GCC_PREPROCESSOR_DEFINITIONS = (
					"DEBUG=1",
					"$(inherited)",
				);
				GCC_WARN_64_TO_32_BIT_CONVERSION = YES;
				GCC_WARN_ABOUT_RETURN_TYPE = YES_ERROR;
				GCC_WARN_UNDECLARED_SELECTOR = YES;
				GCC_WARN_UNINITIALIZED_AUTOS = YES_AGGRESSIVE;
				GCC_WARN_UNUSED_FUNCTION = YES;
				GCC_WARN_UNUSED_VARIABLE = YES;
				IPHONEOS_DEPLOYMENT_TARGET = 16.2;
				MTL_ENABLE_DEBUG_INFO = INCLUDE_SOURCE;
				MTL_FAST_MATH = YES;
				ONLY_ACTIVE_ARCH = YES;
				SDKROOT = iphoneos;
				SWIFT_ACTIVE_COMPILATION_CONDITIONS = DEBUG;
				SWIFT_OPTIMIZATION_LEVEL = "-Onone";
			};
			name = Debug;
		};
		7C20123A2C52BC02001A0AF1 /* Release */ = {
			isa = XCBuildConfiguration;
			buildSettings = {
				ALWAYS_SEARCH_USER_PATHS = NO;
				CLANG_ANALYZER_NONNULL = YES;
				CLANG_ANALYZER_NUMBER_OBJECT_CONVERSION = YES_AGGRESSIVE;
				CLANG_CXX_LANGUAGE_STANDARD = "gnu++20";
				CLANG_ENABLE_MODULES = YES;
				CLANG_ENABLE_OBJC_ARC = YES;
				CLANG_ENABLE_OBJC_WEAK = YES;
				CLANG_WARN_BLOCK_CAPTURE_AUTORELEASING = YES;
				CLANG_WARN_BOOL_CONVERSION = YES;
				CLANG_WARN_COMMA = YES;
				CLANG_WARN_CONSTANT_CONVERSION = YES;
				CLANG_WARN_DEPRECATED_OBJC_IMPLEMENTATIONS = YES;
				CLANG_WARN_DIRECT_OBJC_ISA_USAGE = YES_ERROR;
				CLANG_WARN_DOCUMENTATION_COMMENTS = YES;
				CLANG_WARN_EMPTY_BODY = YES;
				CLANG_WARN_ENUM_CONVERSION = YES;
				CLANG_WARN_INFINITE_RECURSION = YES;
				CLANG_WARN_INT_CONVERSION = YES;
				CLANG_WARN_NON_LITERAL_NULL_CONVERSION = YES;
				CLANG_WARN_OBJC_IMPLICIT_RETAIN_SELF = YES;
				CLANG_WARN_OBJC_LITERAL_CONVERSION = YES;
				CLANG_WARN_OBJC_ROOT_CLASS = YES_ERROR;
				CLANG_WARN_QUOTED_INCLUDE_IN_FRAMEWORK_HEADER = YES;
				CLANG_WARN_RANGE_LOOP_ANALYSIS = YES;
				CLANG_WARN_STRICT_PROTOTYPES = YES;
				CLANG_WARN_SUSPICIOUS_MOVE = YES;
				CLANG_WARN_UNGUARDED_AVAILABILITY = YES_AGGRESSIVE;
				CLANG_WARN_UNREACHABLE_CODE = YES;
				CLANG_WARN__DUPLICATE_METHOD_MATCH = YES;
				COPY_PHASE_STRIP = NO;
				DEBUG_INFORMATION_FORMAT = "dwarf-with-dsym";
				ENABLE_NS_ASSERTIONS = NO;
				ENABLE_STRICT_OBJC_MSGSEND = YES;
				GCC_C_LANGUAGE_STANDARD = gnu11;
				GCC_NO_COMMON_BLOCKS = YES;
				GCC_WARN_64_TO_32_BIT_CONVERSION = YES;
				GCC_WARN_ABOUT_RETURN_TYPE = YES_ERROR;
				GCC_WARN_UNDECLARED_SELECTOR = YES;
				GCC_WARN_UNINITIALIZED_AUTOS = YES_AGGRESSIVE;
				GCC_WARN_UNUSED_FUNCTION = YES;
				GCC_WARN_UNUSED_VARIABLE = YES;
				IPHONEOS_DEPLOYMENT_TARGET = 16.2;
				MTL_ENABLE_DEBUG_INFO = NO;
				MTL_FAST_MATH = YES;
				SDKROOT = iphoneos;
				SWIFT_COMPILATION_MODE = wholemodule;
				SWIFT_OPTIMIZATION_LEVEL = "-O";
				VALIDATE_PRODUCT = YES;
			};
			name = Release;
		};
		7C20123C2C52BC02001A0AF1 /* Debug */ = {
			isa = XCBuildConfiguration;
			buildSettings = {
				ASSETCATALOG_COMPILER_APPICON_NAME = AppIcon;
				ASSETCATALOG_COMPILER_GLOBAL_ACCENT_COLOR_NAME = AccentColor;
				CODE_SIGN_STYLE = Automatic;
				CURRENT_PROJECT_VERSION = 1;
				DEVELOPMENT_TEAM = HR365RX8AN;
				GENERATE_INFOPLIST_FILE = YES;
				INFOPLIST_FILE = OlchaTaskST/Info.plist;
				INFOPLIST_KEY_UIApplicationSupportsIndirectInputEvents = YES;
				INFOPLIST_KEY_UILaunchStoryboardName = LaunchScreen;
				INFOPLIST_KEY_UISupportedInterfaceOrientations_iPad = "UIInterfaceOrientationPortrait UIInterfaceOrientationPortraitUpsideDown UIInterfaceOrientationLandscapeLeft UIInterfaceOrientationLandscapeRight";
				INFOPLIST_KEY_UISupportedInterfaceOrientations_iPhone = "UIInterfaceOrientationPortrait UIInterfaceOrientationLandscapeLeft UIInterfaceOrientationLandscapeRight";
				LD_RUNPATH_SEARCH_PATHS = (
					"$(inherited)",
					"@executable_path/Frameworks",
				);
				MARKETING_VERSION = 1.0;
				PRODUCT_BUNDLE_IDENTIFIER = samandar.OlchaTaskST;
				PRODUCT_NAME = "$(TARGET_NAME)";
				SWIFT_EMIT_LOC_STRINGS = YES;
				SWIFT_VERSION = 5.0;
				TARGETED_DEVICE_FAMILY = "1,2";
			};
			name = Debug;
		};
		7C20123D2C52BC02001A0AF1 /* Release */ = {
			isa = XCBuildConfiguration;
			buildSettings = {
				ASSETCATALOG_COMPILER_APPICON_NAME = AppIcon;
				ASSETCATALOG_COMPILER_GLOBAL_ACCENT_COLOR_NAME = AccentColor;
				CODE_SIGN_STYLE = Automatic;
				CURRENT_PROJECT_VERSION = 1;
				DEVELOPMENT_TEAM = HR365RX8AN;
				GENERATE_INFOPLIST_FILE = YES;
				INFOPLIST_FILE = OlchaTaskST/Info.plist;
				INFOPLIST_KEY_UIApplicationSupportsIndirectInputEvents = YES;
				INFOPLIST_KEY_UILaunchStoryboardName = LaunchScreen;
				INFOPLIST_KEY_UISupportedInterfaceOrientations_iPad = "UIInterfaceOrientationPortrait UIInterfaceOrientationPortraitUpsideDown UIInterfaceOrientationLandscapeLeft UIInterfaceOrientationLandscapeRight";
				INFOPLIST_KEY_UISupportedInterfaceOrientations_iPhone = "UIInterfaceOrientationPortrait UIInterfaceOrientationLandscapeLeft UIInterfaceOrientationLandscapeRight";
				LD_RUNPATH_SEARCH_PATHS = (
					"$(inherited)",
					"@executable_path/Frameworks",
				);
				MARKETING_VERSION = 1.0;
				PRODUCT_BUNDLE_IDENTIFIER = samandar.OlchaTaskST;
				PRODUCT_NAME = "$(TARGET_NAME)";
				SWIFT_EMIT_LOC_STRINGS = YES;
				SWIFT_VERSION = 5.0;
				TARGETED_DEVICE_FAMILY = "1,2";
			};
			name = Release;
		};
/* End XCBuildConfiguration section */

/* Begin XCConfigurationList section */
		7C20121F2C52BC00001A0AF1 /* Build configuration list for PBXProject "OlchaTaskST" */ = {
			isa = XCConfigurationList;
			buildConfigurations = (
				7C2012392C52BC02001A0AF1 /* Debug */,
				7C20123A2C52BC02001A0AF1 /* Release */,
			);
			defaultConfigurationIsVisible = 0;
			defaultConfigurationName = Release;
		};
		7C20123B2C52BC02001A0AF1 /* Build configuration list for PBXNativeTarget "OlchaTaskST" */ = {
			isa = XCConfigurationList;
			buildConfigurations = (
				7C20123C2C52BC02001A0AF1 /* Debug */,
				7C20123D2C52BC02001A0AF1 /* Release */,
			);
			defaultConfigurationIsVisible = 0;
			defaultConfigurationName = Release;
		};
/* End XCConfigurationList section */

/* Begin XCVersionGroup section */
		7C2012302C52BC00001A0AF1 /* OlchaTaskST.xcdatamodeld */ = {
			isa = XCVersionGroup;
			children = (
				7C2012312C52BC00001A0AF1 /* OlchaTaskST.xcdatamodel */,
			);
			currentVersion = 7C2012312C52BC00001A0AF1 /* OlchaTaskST.xcdatamodel */;
			path = OlchaTaskST.xcdatamodeld;
			sourceTree = "<group>";
			versionGroupType = wrapper.xcdatamodel;
		};
/* End XCVersionGroup section */
	};
	rootObject = 7C20121C2C52BC00001A0AF1 /* Project object */;
}
